// !$*UTF8*$!
{
	archiveVersion = 1;
	classes = {
	};
	objectVersion = 77;
	objects = {

/* Begin PBXBuildFile section */
		2986208B2EA5BF6500A2B78E /* fPortalExtension.appex in Embed Foundation Extensions */ = {isa = PBXBuildFile; fileRef = 298620832EA5BF6500A2B78E /* fPortalExtension.appex */; settings = {ATTRIBUTES = (RemoveHeadersOnCopy, ); }; };
/* End PBXBuildFile section */

/* Begin PBXContainerItemProxy section */
		298620632EA5BF1600A2B78E /* PBXContainerItemProxy */ = {
			isa = PBXContainerItemProxy;
			containerPortal = 2986204C2EA5BF1500A2B78E /* Project object */;
			proxyType = 1;
			remoteGlobalIDString = 298620532EA5BF1500A2B78E;
			remoteInfo = fPortal;
		};
		2986206D2EA5BF1600A2B78E /* PBXContainerItemProxy */ = {
			isa = PBXContainerItemProxy;
			containerPortal = 2986204C2EA5BF1500A2B78E /* Project object */;
			proxyType = 1;
			remoteGlobalIDString = 298620532EA5BF1500A2B78E;
			remoteInfo = fPortal;
		};
		298620892EA5BF6500A2B78E /* PBXContainerItemProxy */ = {
			isa = PBXContainerItemProxy;
			containerPortal = 2986204C2EA5BF1500A2B78E /* Project object */;
			proxyType = 1;
			remoteGlobalIDString = 298620822EA5BF6500A2B78E;
			remoteInfo = fPortalExtension;
		};
/* End PBXContainerItemProxy section */

/* Begin PBXCopyFilesBuildPhase section */
		298620902EA5BF6500A2B78E /* Embed Foundation Extensions */ = {
			isa = PBXCopyFilesBuildPhase;
			buildActionMask = 2147483647;
			dstPath = "";
			dstSubfolderSpec = 13;
			files = (
				2986208B2EA5BF6500A2B78E /* fPortalExtension.appex in Embed Foundation Extensions */,
			);
			name = "Embed Foundation Extensions";
			runOnlyForDeploymentPostprocessing = 0;
		};
/* End PBXCopyFilesBuildPhase section */

/* Begin PBXFileReference section */
		298620542EA5BF1500A2B78E /* fPortal.app */ = {isa = PBXFileReference; explicitFileType = wrapper.application; includeInIndex = 0; path = fPortal.app; sourceTree = BUILT_PRODUCTS_DIR; };
		298620622EA5BF1600A2B78E /* fPortalTests.xctest */ = {isa = PBXFileReference; explicitFileType = wrapper.cfbundle; includeInIndex = 0; path = fPortalTests.xctest; sourceTree = BUILT_PRODUCTS_DIR; };
		2986206C2EA5BF1600A2B78E /* fPortalUITests.xctest */ = {isa = PBXFileReference; explicitFileType = wrapper.cfbundle; includeInIndex = 0; path = fPortalUITests.xctest; sourceTree = BUILT_PRODUCTS_DIR; };
		298620832EA5BF6500A2B78E /* fPortalExtension.appex */ = {isa = PBXFileReference; explicitFileType = "wrapper.app-extension"; includeInIndex = 0; path = fPortalExtension.appex; sourceTree = BUILT_PRODUCTS_DIR; };
/* End PBXFileReference section */

/* Begin PBXFileSystemSynchronizedBuildFileExceptionSet section */
		2986208C2EA5BF6500A2B78E /* Exceptions for "fPortalExtension" folder in "fPortalExtension" target */ = {
			isa = PBXFileSystemSynchronizedBuildFileExceptionSet;
			membershipExceptions = (
				Info.plist,
			);
			target = 298620822EA5BF6500A2B78E /* fPortalExtension */;
		};
/* End PBXFileSystemSynchronizedBuildFileExceptionSet section */

/* Begin PBXFileSystemSynchronizedRootGroup section */
		298620562EA5BF1500A2B78E /* fPortal */ = {
			isa = PBXFileSystemSynchronizedRootGroup;
			path = fPortal;
			sourceTree = "<group>";
		};
		298620652EA5BF1600A2B78E /* fPortalTests */ = {
			isa = PBXFileSystemSynchronizedRootGroup;
			path = fPortalTests;
			sourceTree = "<group>";
		};
		2986206F2EA5BF1600A2B78E /* fPortalUITests */ = {
			isa = PBXFileSystemSynchronizedRootGroup;
			path = fPortalUITests;
			sourceTree = "<group>";
		};
		298620842EA5BF6500A2B78E /* fPortalExtension */ = {
			isa = PBXFileSystemSynchronizedRootGroup;
			exceptions = (
				2986208C2EA5BF6500A2B78E /* Exceptions for "fPortalExtension" folder in "fPortalExtension" target */,
			);
			path = fPortalExtension;
			sourceTree = "<group>";
		};
/* End PBXFileSystemSynchronizedRootGroup section */

/* Begin PBXFrameworksBuildPhase section */
		298620512EA5BF1500A2B78E /* Frameworks */ = {
			isa = PBXFrameworksBuildPhase;
			buildActionMask = 2147483647;
			files = (
			);
			runOnlyForDeploymentPostprocessing = 0;
		};
		2986205F2EA5BF1600A2B78E /* Frameworks */ = {
			isa = PBXFrameworksBuildPhase;
			buildActionMask = 2147483647;
			files = (
			);
			runOnlyForDeploymentPostprocessing = 0;
		};
		298620692EA5BF1600A2B78E /* Frameworks */ = {
			isa = PBXFrameworksBuildPhase;
			buildActionMask = 2147483647;
			files = (
			);
			runOnlyForDeploymentPostprocessing = 0;
		};
		298620802EA5BF6500A2B78E /* Frameworks */ = {
			isa = PBXFrameworksBuildPhase;
			buildActionMask = 2147483647;
			files = (
			);
			runOnlyForDeploymentPostprocessing = 0;
		};
/* End PBXFrameworksBuildPhase section */

/* Begin PBXGroup section */
		2986204B2EA5BF1500A2B78E = {
			isa = PBXGroup;
			children = (
				298620562EA5BF1500A2B78E /* fPortal */,
				298620652EA5BF1600A2B78E /* fPortalTests */,
				2986206F2EA5BF1600A2B78E /* fPortalUITests */,
				298620842EA5BF6500A2B78E /* fPortalExtension */,
				298620552EA5BF1500A2B78E /* Products */,
			);
			sourceTree = "<group>";
		};
		298620552EA5BF1500A2B78E /* Products */ = {
			isa = PBXGroup;
			children = (
				298620542EA5BF1500A2B78E /* fPortal.app */,
				298620622EA5BF1600A2B78E /* fPortalTests.xctest */,
				2986206C2EA5BF1600A2B78E /* fPortalUITests.xctest */,
				298620832EA5BF6500A2B78E /* fPortalExtension.appex */,
			);
			name = Products;
			sourceTree = "<group>";
		};
/* End PBXGroup section */

/* Begin PBXNativeTarget section */
		298620532EA5BF1500A2B78E /* fPortal */ = {
			isa = PBXNativeTarget;
			buildConfigurationList = 298620762EA5BF1600A2B78E /* Build configuration list for PBXNativeTarget "fPortal" */;
			buildPhases = (
				298620502EA5BF1500A2B78E /* Sources */,
				298620512EA5BF1500A2B78E /* Frameworks */,
				298620522EA5BF1500A2B78E /* Resources */,
				298620902EA5BF6500A2B78E /* Embed Foundation Extensions */,
			);
			buildRules = (
			);
			dependencies = (
				2986208A2EA5BF6500A2B78E /* PBXTargetDependency */,
			);
			fileSystemSynchronizedGroups = (
				298620562EA5BF1500A2B78E /* fPortal */,
			);
			name = fPortal;
			packageProductDependencies = (
			);
			productName = fPortal;
			productReference = 298620542EA5BF1500A2B78E /* fPortal.app */;
			productType = "com.apple.product-type.application";
		};
		298620612EA5BF1600A2B78E /* fPortalTests */ = {
			isa = PBXNativeTarget;
			buildConfigurationList = 298620792EA5BF1600A2B78E /* Build configuration list for PBXNativeTarget "fPortalTests" */;
			buildPhases = (
				2986205E2EA5BF1600A2B78E /* Sources */,
				2986205F2EA5BF1600A2B78E /* Frameworks */,
				298620602EA5BF1600A2B78E /* Resources */,
			);
			buildRules = (
			);
			dependencies = (
				298620642EA5BF1600A2B78E /* PBXTargetDependency */,
			);
			fileSystemSynchronizedGroups = (
				298620652EA5BF1600A2B78E /* fPortalTests */,
			);
			name = fPortalTests;
			packageProductDependencies = (
			);
			productName = fPortalTests;
			productReference = 298620622EA5BF1600A2B78E /* fPortalTests.xctest */;
			productType = "com.apple.product-type.bundle.unit-test";
		};
		2986206B2EA5BF1600A2B78E /* fPortalUITests */ = {
			isa = PBXNativeTarget;
			buildConfigurationList = 2986207C2EA5BF1600A2B78E /* Build configuration list for PBXNativeTarget "fPortalUITests" */;
			buildPhases = (
				298620682EA5BF1600A2B78E /* Sources */,
				298620692EA5BF1600A2B78E /* Frameworks */,
				2986206A2EA5BF1600A2B78E /* Resources */,
			);
			buildRules = (
			);
			dependencies = (
				2986206E2EA5BF1600A2B78E /* PBXTargetDependency */,
			);
			fileSystemSynchronizedGroups = (
				2986206F2EA5BF1600A2B78E /* fPortalUITests */,
			);
			name = fPortalUITests;
			packageProductDependencies = (
			);
			productName = fPortalUITests;
			productReference = 2986206C2EA5BF1600A2B78E /* fPortalUITests.xctest */;
			productType = "com.apple.product-type.bundle.ui-testing";
		};
		298620822EA5BF6500A2B78E /* fPortalExtension */ = {
			isa = PBXNativeTarget;
			buildConfigurationList = 2986208D2EA5BF6500A2B78E /* Build configuration list for PBXNativeTarget "fPortalExtension" */;
			buildPhases = (
				2986207F2EA5BF6500A2B78E /* Sources */,
				298620802EA5BF6500A2B78E /* Frameworks */,
				298620812EA5BF6500A2B78E /* Resources */,
			);
			buildRules = (
			);
			dependencies = (
			);
			fileSystemSynchronizedGroups = (
				298620842EA5BF6500A2B78E /* fPortalExtension */,
			);
			name = fPortalExtension;
			packageProductDependencies = (
			);
			productName = fPortalExtension;
			productReference = 298620832EA5BF6500A2B78E /* fPortalExtension.appex */;
			productType = "com.apple.product-type.app-extension";
		};
/* End PBXNativeTarget section */

/* Begin PBXProject section */
		2986204C2EA5BF1500A2B78E /* Project object */ = {
			isa = PBXProject;
			attributes = {
				BuildIndependentTargetsInParallel = 1;
				LastSwiftUpdateCheck = 1640;
				LastUpgradeCheck = 1640;
				TargetAttributes = {
					298620532EA5BF1500A2B78E = {
						CreatedOnToolsVersion = 16.4;
					};
					298620612EA5BF1600A2B78E = {
						CreatedOnToolsVersion = 16.4;
						TestTargetID = 298620532EA5BF1500A2B78E;
					};
					2986206B2EA5BF1600A2B78E = {
						CreatedOnToolsVersion = 16.4;
						TestTargetID = 298620532EA5BF1500A2B78E;
					};
					298620822EA5BF6500A2B78E = {
						CreatedOnToolsVersion = 16.4;
					};
				};
			};
			buildConfigurationList = 2986204F2EA5BF1500A2B78E /* Build configuration list for PBXProject "fPortal" */;
			developmentRegion = en;
			hasScannedForEncodings = 0;
			knownRegions = (
				en,
				Base,
			);
			mainGroup = 2986204B2EA5BF1500A2B78E;
			minimizedProjectReferenceProxies = 1;
			preferredProjectObjectVersion = 77;
			productRefGroup = 298620552EA5BF1500A2B78E /* Products */;
			projectDirPath = "";
			projectRoot = "";
			targets = (
				298620532EA5BF1500A2B78E /* fPortal */,
				298620612EA5BF1600A2B78E /* fPortalTests */,
				2986206B2EA5BF1600A2B78E /* fPortalUITests */,
				298620822EA5BF6500A2B78E /* fPortalExtension */,
			);
		};
/* End PBXProject section */

/* Begin PBXResourcesBuildPhase section */
		298620522EA5BF1500A2B78E /* Resources */ = {
			isa = PBXResourcesBuildPhase;
			buildActionMask = 2147483647;
			files = (
			);
			runOnlyForDeploymentPostprocessing = 0;
		};
		298620602EA5BF1600A2B78E /* Resources */ = {
			isa = PBXResourcesBuildPhase;
			buildActionMask = 2147483647;
			files = (
			);
			runOnlyForDeploymentPostprocessing = 0;
		};
		2986206A2EA5BF1600A2B78E /* Resources */ = {
			isa = PBXResourcesBuildPhase;
			buildActionMask = 2147483647;
			files = (
			);
			runOnlyForDeploymentPostprocessing = 0;
		};
		298620812EA5BF6500A2B78E /* Resources */ = {
			isa = PBXResourcesBuildPhase;
			buildActionMask = 2147483647;
			files = (
			);
			runOnlyForDeploymentPostprocessing = 0;
		};
/* End PBXResourcesBuildPhase section */

/* Begin PBXSourcesBuildPhase section */
		298620502EA5BF1500A2B78E /* Sources */ = {
			isa = PBXSourcesBuildPhase;
			buildActionMask = 2147483647;
			files = (
			);
			runOnlyForDeploymentPostprocessing = 0;
		};
		2986205E2EA5BF1600A2B78E /* Sources */ = {
			isa = PBXSourcesBuildPhase;
			buildActionMask = 2147483647;
			files = (
			);
			runOnlyForDeploymentPostprocessing = 0;
		};
		298620682EA5BF1600A2B78E /* Sources */ = {
			isa = PBXSourcesBuildPhase;
			buildActionMask = 2147483647;
			files = (
			);
			runOnlyForDeploymentPostprocessing = 0;
		};
		2986207F2EA5BF6500A2B78E /* Sources */ = {
			isa = PBXSourcesBuildPhase;
			buildActionMask = 2147483647;
			files = (
			);
			runOnlyForDeploymentPostprocessing = 0;
		};
/* End PBXSourcesBuildPhase section */

/* Begin PBXTargetDependency section */
		298620642EA5BF1600A2B78E /* PBXTargetDependency */ = {
			isa = PBXTargetDependency;
			target = 298620532EA5BF1500A2B78E /* fPortal */;
			targetProxy = 298620632EA5BF1600A2B78E /* PBXContainerItemProxy */;
		};
		2986206E2EA5BF1600A2B78E /* PBXTargetDependency */ = {
			isa = PBXTargetDependency;
			target = 298620532EA5BF1500A2B78E /* fPortal */;
			targetProxy = 2986206D2EA5BF1600A2B78E /* PBXContainerItemProxy */;
		};
		2986208A2EA5BF6500A2B78E /* PBXTargetDependency */ = {
			isa = PBXTargetDependency;
			target = 298620822EA5BF6500A2B78E /* fPortalExtension */;
			targetProxy = 298620892EA5BF6500A2B78E /* PBXContainerItemProxy */;
		};
/* End PBXTargetDependency section */

/* Begin XCBuildConfiguration section */
		298620742EA5BF1600A2B78E /* Debug */ = {
			isa = XCBuildConfiguration;
			buildSettings = {
				ALWAYS_SEARCH_USER_PATHS = NO;
				ASSETCATALOG_COMPILER_GENERATE_SWIFT_ASSET_SYMBOL_EXTENSIONS = YES;
				CLANG_ANALYZER_NONNULL = YES;
				CLANG_ANALYZER_NUMBER_OBJECT_CONVERSION = YES_AGGRESSIVE;
				CLANG_CXX_LANGUAGE_STANDARD = "gnu++20";
				CLANG_ENABLE_MODULES = YES;
				CLANG_ENABLE_OBJC_ARC = YES;
				CLANG_ENABLE_OBJC_WEAK = YES;
				CLANG_WARN_BLOCK_CAPTURE_AUTORELEASING = YES;
				CLANG_WARN_BOOL_CONVERSION = YES;
				CLANG_WARN_COMMA = YES;
				CLANG_WARN_CONSTANT_CONVERSION = YES;
				CLANG_WARN_DEPRECATED_OBJC_IMPLEMENTATIONS = YES;
				CLANG_WARN_DIRECT_OBJC_ISA_USAGE = YES_ERROR;
				CLANG_WARN_DOCUMENTATION_COMMENTS = YES;
				CLANG_WARN_EMPTY_BODY = YES;
				CLANG_WARN_ENUM_CONVERSION = YES;
				CLANG_WARN_INFINITE_RECURSION = YES;
				CLANG_WARN_INT_CONVERSION = YES;
				CLANG_WARN_NON_LITERAL_NULL_CONVERSION = YES;
				CLANG_WARN_OBJC_IMPLICIT_RETAIN_SELF = YES;
				CLANG_WARN_OBJC_LITERAL_CONVERSION = YES;
				CLANG_WARN_OBJC_ROOT_CLASS = YES_ERROR;
				CLANG_WARN_QUOTED_INCLUDE_IN_FRAMEWORK_HEADER = YES;
				CLANG_WARN_RANGE_LOOP_ANALYSIS = YES;
				CLANG_WARN_STRICT_PROTOTYPES = YES;
				CLANG_WARN_SUSPICIOUS_MOVE = YES;
				CLANG_WARN_UNGUARDED_AVAILABILITY = YES_AGGRESSIVE;
				CLANG_WARN_UNREACHABLE_CODE = YES;
				CLANG_WARN__DUPLICATE_METHOD_MATCH = YES;
				COPY_PHASE_STRIP = NO;
				DEBUG_INFORMATION_FORMAT = dwarf;
				DEVELOPMENT_TEAM = 9F2J9S7629;
				ENABLE_STRICT_OBJC_MSGSEND = YES;
				ENABLE_TESTABILITY = YES;
				ENABLE_USER_SCRIPT_SANDBOXING = YES;
				GCC_C_LANGUAGE_STANDARD = gnu17;
				GCC_DYNAMIC_NO_PIC = NO;
				GCC_NO_COMMON_BLOCKS = YES;
				GCC_OPTIMIZATION_LEVEL = 0;
				GCC_PREPROCESSOR_DEFINITIONS = (
					"DEBUG=1",
					"$(inherited)",
				);
				GCC_WARN_64_TO_32_BIT_CONVERSION = YES;
				GCC_WARN_ABOUT_RETURN_TYPE = YES_ERROR;
				GCC_WARN_UNDECLARED_SELECTOR = YES;
				GCC_WARN_UNINITIALIZED_AUTOS = YES_AGGRESSIVE;
				GCC_WARN_UNUSED_FUNCTION = YES;
				GCC_WARN_UNUSED_VARIABLE = YES;
				LOCALIZATION_PREFERS_STRING_CATALOGS = YES;
				MACOSX_DEPLOYMENT_TARGET = 15.3;
				MTL_ENABLE_DEBUG_INFO = INCLUDE_SOURCE;
				MTL_FAST_MATH = YES;
				ONLY_ACTIVE_ARCH = YES;
				SDKROOT = macosx;
				SWIFT_ACTIVE_COMPILATION_CONDITIONS = "DEBUG $(inherited)";
				SWIFT_OPTIMIZATION_LEVEL = "-Onone";
			};
			name = Debug;
		};
		298620752EA5BF1600A2B78E /* Release */ = {
			isa = XCBuildConfiguration;
			buildSettings = {
				ALWAYS_SEARCH_USER_PATHS = NO;
				ASSETCATALOG_COMPILER_GENERATE_SWIFT_ASSET_SYMBOL_EXTENSIONS = YES;
				CLANG_ANALYZER_NONNULL = YES;
				CLANG_ANALYZER_NUMBER_OBJECT_CONVERSION = YES_AGGRESSIVE;
				CLANG_CXX_LANGUAGE_STANDARD = "gnu++20";
				CLANG_ENABLE_MODULES = YES;
				CLANG_ENABLE_OBJC_ARC = YES;
				CLANG_ENABLE_OBJC_WEAK = YES;
				CLANG_WARN_BLOCK_CAPTURE_AUTORELEASING = YES;
				CLANG_WARN_BOOL_CONVERSION = YES;
				CLANG_WARN_COMMA = YES;
				CLANG_WARN_CONSTANT_CONVERSION = YES;
				CLANG_WARN_DEPRECATED_OBJC_IMPLEMENTATIONS = YES;
				CLANG_WARN_DIRECT_OBJC_ISA_USAGE = YES_ERROR;
				CLANG_WARN_DOCUMENTATION_COMMENTS = YES;
				CLANG_WARN_EMPTY_BODY = YES;
				CLANG_WARN_ENUM_CONVERSION = YES;
				CLANG_WARN_INFINITE_RECURSION = YES;
				CLANG_WARN_INT_CONVERSION = YES;
				CLANG_WARN_NON_LITERAL_NULL_CONVERSION = YES;
				CLANG_WARN_OBJC_IMPLICIT_RETAIN_SELF = YES;
				CLANG_WARN_OBJC_LITERAL_CONVERSION = YES;
				CLANG_WARN_OBJC_ROOT_CLASS = YES_ERROR;
				CLANG_WARN_QUOTED_INCLUDE_IN_FRAMEWORK_HEADER = YES;
				CLANG_WARN_RANGE_LOOP_ANALYSIS = YES;
				CLANG_WARN_STRICT_PROTOTYPES = YES;
				CLANG_WARN_SUSPICIOUS_MOVE = YES;
				CLANG_WARN_UNGUARDED_AVAILABILITY = YES_AGGRESSIVE;
				CLANG_WARN_UNREACHABLE_CODE = YES;
				CLANG_WARN__DUPLICATE_METHOD_MATCH = YES;
				COPY_PHASE_STRIP = NO;
				DEBUG_INFORMATION_FORMAT = "dwarf-with-dsym";
				DEVELOPMENT_TEAM = 9F2J9S7629;
				ENABLE_NS_ASSERTIONS = NO;
				ENABLE_STRICT_OBJC_MSGSEND = YES;
				ENABLE_USER_SCRIPT_SANDBOXING = YES;
				GCC_C_LANGUAGE_STANDARD = gnu17;
				GCC_NO_COMMON_BLOCKS = YES;
				GCC_WARN_64_TO_32_BIT_CONVERSION = YES;
				GCC_WARN_ABOUT_RETURN_TYPE = YES_ERROR;
				GCC_WARN_UNDECLARED_SELECTOR = YES;
				GCC_WARN_UNINITIALIZED_AUTOS = YES_AGGRESSIVE;
				GCC_WARN_UNUSED_FUNCTION = YES;
				GCC_WARN_UNUSED_VARIABLE = YES;
				LOCALIZATION_PREFERS_STRING_CATALOGS = YES;
				MACOSX_DEPLOYMENT_TARGET = 15.3;
				MTL_ENABLE_DEBUG_INFO = NO;
				MTL_FAST_MATH = YES;
				SDKROOT = macosx;
				SWIFT_COMPILATION_MODE = wholemodule;
			};
			name = Release;
		};
		298620772EA5BF1600A2B78E /* Debug */ = {
			isa = XCBuildConfiguration;
			buildSettings = {
				ASSETCATALOG_COMPILER_APPICON_NAME = AppIcon;
				ASSETCATALOG_COMPILER_GLOBAL_ACCENT_COLOR_NAME = AccentColor;
				CODE_SIGN_ENTITLEMENTS = fPortal/fPortal.entitlements;
				CODE_SIGN_STYLE = Automatic;
				COMBINE_HIDPI_IMAGES = YES;
				CURRENT_PROJECT_VERSION = 1;
				DEVELOPMENT_TEAM = 9F2J9S7629;
				ENABLE_HARDENED_RUNTIME = YES;
				ENABLE_PREVIEWS = YES;
				GENERATE_INFOPLIST_FILE = YES;
				INFOPLIST_KEY_NSHumanReadableCopyright = "";
				LD_RUNPATH_SEARCH_PATHS = (
					"$(inherited)",
					"@executable_path/../Frameworks",
				);
				MARKETING_VERSION = 1.0;
				PRODUCT_BUNDLE_IDENTIFIER = hjoncour.fPortal;
				PRODUCT_NAME = "$(TARGET_NAME)";
				REGISTER_APP_GROUPS = YES;
				SWIFT_EMIT_LOC_STRINGS = YES;
				SWIFT_VERSION = 5.0;
			};
			name = Debug;
		};
		298620782EA5BF1600A2B78E /* Release */ = {
			isa = XCBuildConfiguration;
			buildSettings = {
				ASSETCATALOG_COMPILER_APPICON_NAME = AppIcon;
				ASSETCATALOG_COMPILER_GLOBAL_ACCENT_COLOR_NAME = AccentColor;
				CODE_SIGN_ENTITLEMENTS = fPortal/fPortal.entitlements;
				CODE_SIGN_STYLE = Automatic;
				COMBINE_HIDPI_IMAGES = YES;
				CURRENT_PROJECT_VERSION = 1;
				DEVELOPMENT_TEAM = 9F2J9S7629;
				ENABLE_HARDENED_RUNTIME = YES;
				ENABLE_PREVIEWS = YES;
				GENERATE_INFOPLIST_FILE = YES;
				INFOPLIST_KEY_NSHumanReadableCopyright = "";
				LD_RUNPATH_SEARCH_PATHS = (
					"$(inherited)",
					"@executable_path/../Frameworks",
				);
				MARKETING_VERSION = 1.0;
				PRODUCT_BUNDLE_IDENTIFIER = hjoncour.fPortal;
				PRODUCT_NAME = "$(TARGET_NAME)";
				REGISTER_APP_GROUPS = YES;
				SWIFT_EMIT_LOC_STRINGS = YES;
				SWIFT_VERSION = 5.0;
			};
			name = Release;
		};
		2986207A2EA5BF1600A2B78E /* Debug */ = {
			isa = XCBuildConfiguration;
			buildSettings = {
				BUNDLE_LOADER = "$(TEST_HOST)";
				CODE_SIGN_STYLE = Automatic;
				CURRENT_PROJECT_VERSION = 1;
				DEVELOPMENT_TEAM = 9F2J9S7629;
				GENERATE_INFOPLIST_FILE = YES;
				MACOSX_DEPLOYMENT_TARGET = 15.3;
				MARKETING_VERSION = 1.0;
				PRODUCT_BUNDLE_IDENTIFIER = hjoncour.fPortalTests;
				PRODUCT_NAME = "$(TARGET_NAME)";
				SWIFT_EMIT_LOC_STRINGS = NO;
				SWIFT_VERSION = 5.0;
				TEST_HOST = "$(BUILT_PRODUCTS_DIR)/fPortal.app/$(BUNDLE_EXECUTABLE_FOLDER_PATH)/fPortal";
			};
			name = Debug;
		};
		2986207B2EA5BF1600A2B78E /* Release */ = {
			isa = XCBuildConfiguration;
			buildSettings = {
				BUNDLE_LOADER = "$(TEST_HOST)";
				CODE_SIGN_STYLE = Automatic;
				CURRENT_PROJECT_VERSION = 1;
				DEVELOPMENT_TEAM = 9F2J9S7629;
				GENERATE_INFOPLIST_FILE = YES;
				MACOSX_DEPLOYMENT_TARGET = 15.3;
				MARKETING_VERSION = 1.0;
				PRODUCT_BUNDLE_IDENTIFIER = hjoncour.fPortalTests;
				PRODUCT_NAME = "$(TARGET_NAME)";
				SWIFT_EMIT_LOC_STRINGS = NO;
				SWIFT_VERSION = 5.0;
				TEST_HOST = "$(BUILT_PRODUCTS_DIR)/fPortal.app/$(BUNDLE_EXECUTABLE_FOLDER_PATH)/fPortal";
			};
			name = Release;
		};
		2986207D2EA5BF1600A2B78E /* Debug */ = {
			isa = XCBuildConfiguration;
			buildSettings = {
				CODE_SIGN_STYLE = Automatic;
				CURRENT_PROJECT_VERSION = 1;
				DEVELOPMENT_TEAM = 9F2J9S7629;
				GENERATE_INFOPLIST_FILE = YES;
				MARKETING_VERSION = 1.0;
				PRODUCT_BUNDLE_IDENTIFIER = hjoncour.fPortalUITests;
				PRODUCT_NAME = "$(TARGET_NAME)";
				SWIFT_EMIT_LOC_STRINGS = NO;
				SWIFT_VERSION = 5.0;
				TEST_TARGET_NAME = fPortal;
			};
			name = Debug;
		};
		2986207E2EA5BF1600A2B78E /* Release */ = {
			isa = XCBuildConfiguration;
			buildSettings = {
				CODE_SIGN_STYLE = Automatic;
				CURRENT_PROJECT_VERSION = 1;
				DEVELOPMENT_TEAM = 9F2J9S7629;
				GENERATE_INFOPLIST_FILE = YES;
				MARKETING_VERSION = 1.0;
				PRODUCT_BUNDLE_IDENTIFIER = hjoncour.fPortalUITests;
				PRODUCT_NAME = "$(TARGET_NAME)";
				SWIFT_EMIT_LOC_STRINGS = NO;
				SWIFT_VERSION = 5.0;
				TEST_TARGET_NAME = fPortal;
			};
			name = Release;
		};
		2986208E2EA5BF6500A2B78E /* Debug */ = {
			isa = XCBuildConfiguration;
			buildSettings = {
				CODE_SIGN_ENTITLEMENTS = fPortalExtension/fPortalExtension.entitlements;
				CODE_SIGN_STYLE = Automatic;
				COMBINE_HIDPI_IMAGES = YES;
				CURRENT_PROJECT_VERSION = 1;
				DEVELOPMENT_TEAM = 9F2J9S7629;
				ENABLE_HARDENED_RUNTIME = YES;
				GENERATE_INFOPLIST_FILE = YES;
				INFOPLIST_FILE = fPortalExtension/Info.plist;
				INFOPLIST_KEY_CFBundleDisplayName = fPortalExtension;
				INFOPLIST_KEY_NSHumanReadableCopyright = "";
				LD_RUNPATH_SEARCH_PATHS = (
					"$(inherited)",
					"@executable_path/../Frameworks",
					"@executable_path/../../../../Frameworks",
				);
				MARKETING_VERSION = 1.0;
				PRODUCT_BUNDLE_IDENTIFIER = hjoncour.fPortal.fPortalExtension;
				PRODUCT_NAME = "$(TARGET_NAME)";
				SKIP_INSTALL = YES;
				SWIFT_EMIT_LOC_STRINGS = YES;
				SWIFT_VERSION = 5.0;
			};
			name = Debug;
		};
		2986208F2EA5BF6500A2B78E /* Release */ = {
			isa = XCBuildConfiguration;
			buildSettings = {
				CODE_SIGN_ENTITLEMENTS = fPortalExtension/fPortalExtension.entitlements;
				CODE_SIGN_STYLE = Automatic;
				COMBINE_HIDPI_IMAGES = YES;
				CURRENT_PROJECT_VERSION = 1;
				DEVELOPMENT_TEAM = 9F2J9S7629;
				ENABLE_HARDENED_RUNTIME = YES;
				GENERATE_INFOPLIST_FILE = YES;
				INFOPLIST_FILE = fPortalExtension/Info.plist;
				INFOPLIST_KEY_CFBundleDisplayName = fPortalExtension;
				INFOPLIST_KEY_NSHumanReadableCopyright = "";
				LD_RUNPATH_SEARCH_PATHS = (
					"$(inherited)",
					"@executable_path/../Frameworks",
					"@executable_path/../../../../Frameworks",
				);
				MARKETING_VERSION = 1.0;
				PRODUCT_BUNDLE_IDENTIFIER = hjoncour.fPortal.fPortalExtension;
				PRODUCT_NAME = "$(TARGET_NAME)";
				SKIP_INSTALL = YES;
				SWIFT_EMIT_LOC_STRINGS = YES;
				SWIFT_VERSION = 5.0;
			};
			name = Release;
		};
/* End XCBuildConfiguration section */

/* Begin XCConfigurationList section */
		2986204F2EA5BF1500A2B78E /* Build configuration list for PBXProject "fPortal" */ = {
			isa = XCConfigurationList;
			buildConfigurations = (
				298620742EA5BF1600A2B78E /* Debug */,
				298620752EA5BF1600A2B78E /* Release */,
			);
			defaultConfigurationIsVisible = 0;
			defaultConfigurationName = Release;
		};
		298620762EA5BF1600A2B78E /* Build configuration list for PBXNativeTarget "fPortal" */ = {
			isa = XCConfigurationList;
			buildConfigurations = (
				298620772EA5BF1600A2B78E /* Debug */,
				298620782EA5BF1600A2B78E /* Release */,
			);
			defaultConfigurationIsVisible = 0;
			defaultConfigurationName = Release;
		};
		298620792EA5BF1600A2B78E /* Build configuration list for PBXNativeTarget "fPortalTests" */ = {
			isa = XCConfigurationList;
			buildConfigurations = (
				2986207A2EA5BF1600A2B78E /* Debug */,
				2986207B2EA5BF1600A2B78E /* Release */,
			);
			defaultConfigurationIsVisible = 0;
			defaultConfigurationName = Release;
		};
		2986207C2EA5BF1600A2B78E /* Build configuration list for PBXNativeTarget "fPortalUITests" */ = {
			isa = XCConfigurationList;
			buildConfigurations = (
				2986207D2EA5BF1600A2B78E /* Debug */,
				2986207E2EA5BF1600A2B78E /* Release */,
			);
			defaultConfigurationIsVisible = 0;
			defaultConfigurationName = Release;
		};
		2986208D2EA5BF6500A2B78E /* Build configuration list for PBXNativeTarget "fPortalExtension" */ = {
			isa = XCConfigurationList;
			buildConfigurations = (
				2986208E2EA5BF6500A2B78E /* Debug */,
				2986208F2EA5BF6500A2B78E /* Release */,
			);
			defaultConfigurationIsVisible = 0;
			defaultConfigurationName = Release;
		};
/* End XCConfigurationList section */
	};
	rootObject = 2986204C2EA5BF1500A2B78E /* Project object */;
}
