// !$*UTF8*$!
{
	archiveVersion = 1;
	classes = {
	};
	objectVersion = 77;
	objects = {

/* Begin PBXBuildFile section */
		AAFE0001 /* fPortalFinderExtension.appex in Embed App Extensions */ = {isa = PBXBuildFile; fileRef = AAFE0003 /* fPortalFinderExtension.appex */; };
/* End PBXBuildFile section */

/* Begin PBXContainerItemProxy section */
		290DBEBD2E9F31CF00EDEACE /* PBXContainerItemProxy */ = {
			isa = PBXContainerItemProxy;
			containerPortal = 290DBEA62E9F31CE00EDEACE /* Project object */;
			proxyType = 1;
			remoteGlobalIDString = 290DBEAD2E9F31CE00EDEACE;
			remoteInfo = fPortal;
		};
		290DBEC72E9F31CF00EDEACE /* PBXContainerItemProxy */ = {
			isa = PBXContainerItemProxy;
			containerPortal = 290DBEA62E9F31CE00EDEACE /* Project object */;
			proxyType = 1;
			remoteGlobalIDString = 290DBEAD2E9F31CE00EDEACE;
			remoteInfo = fPortal;
		};
/* End PBXContainerItemProxy section */

/* Begin PBXCopyFilesBuildPhase section */
		AAFE0002 /* Embed App Extensions */ = {
			isa = PBXCopyFilesBuildPhase;
			buildActionMask = 2147483647;
			dstPath = "";
			dstSubfolderSpec = 13;
			files = (
				AAFE0001 /* fPortalFinderExtension.appex in Embed App Extensions */,
			);
			name = "Embed App Extensions";
			runOnlyForDeploymentPostprocessing = 0;
		};
/* End PBXCopyFilesBuildPhase section */

/* Begin PBXFileReference section */
		290DBEAE2E9F31CE00EDEACE /* fPortal.app */ = {isa = PBXFileReference; explicitFileType = wrapper.application; includeInIndex = 0; path = fPortal.app; sourceTree = BUILT_PRODUCTS_DIR; };
		290DBEBC2E9F31CF00EDEACE /* fPortalTests.xctest */ = {isa = PBXFileReference; explicitFileType = wrapper.cfbundle; includeInIndex = 0; path = fPortalTests.xctest; sourceTree = BUILT_PRODUCTS_DIR; };
		290DBEC62E9F31CF00EDEACE /* fPortalUITests.xctest */ = {isa = PBXFileReference; explicitFileType = wrapper.cfbundle; includeInIndex = 0; path = fPortalUITests.xctest; sourceTree = BUILT_PRODUCTS_DIR; };
		AAFE0003 /* fPortalFinderExtension.appex */ = {isa = PBXFileReference; explicitFileType = "wrapper.app-extension"; includeInIndex = 0; path = fPortalFinderExtension.appex; sourceTree = BUILT_PRODUCTS_DIR; };
/* End PBXFileReference section */

/* Begin PBXFileSystemSynchronizedBuildFileExceptionSet section */
		290DBFFA2E9F7D5600EDEACE /* Exceptions for "fPortal" folder in "fPortal" target */ = {
			isa = PBXFileSystemSynchronizedBuildFileExceptionSet;
			membershipExceptions = (
				OpenInAppApp.swift,
			);
			target = 290DBEAD2E9F31CE00EDEACE /* fPortal */;
		};
		290DBFFB2E9F7D5600EDEACE /* Exceptions for "fPortal" folder in "fPortalFinderExtension" target */ = {
			isa = PBXFileSystemSynchronizedBuildFileExceptionSet;
			membershipExceptions = (
				OpenInAppApp.swift,
			);
			target = AAFE0005 /* fPortalFinderExtension */;
		};
/* End PBXFileSystemSynchronizedBuildFileExceptionSet section */

/* Begin PBXFileSystemSynchronizedRootGroup section */
		290DBEB02E9F31CE00EDEACE /* fPortal */ = {
			isa = PBXFileSystemSynchronizedRootGroup;
			exceptions = (
				290DBFFA2E9F7D5600EDEACE /* Exceptions for "fPortal" folder in "fPortal" target */,
				290DBFFB2E9F7D5600EDEACE /* Exceptions for "fPortal" folder in "fPortalFinderExtension" target */,
			);
			path = fPortal;
			sourceTree = "<group>";
		};
		290DBEBF2E9F31CF00EDEACE /* fPortalTests */ = {
			isa = PBXFileSystemSynchronizedRootGroup;
			path = fPortalTests;
			sourceTree = "<group>";
		};
		290DBEC92E9F31CF00EDEACE /* fPortalUITests */ = {
			isa = PBXFileSystemSynchronizedRootGroup;
			path = fPortalUITests;
			sourceTree = "<group>";
		};
		AAFE0004 /* fPortalFinderExtension */ = {
			isa = PBXFileSystemSynchronizedRootGroup;
			path = fPortalFinderExtension;
			sourceTree = "<group>";
		};
/* End PBXFileSystemSynchronizedRootGroup section */

/* Begin PBXFrameworksBuildPhase section */
		290DBEAB2E9F31CE00EDEACE /* Frameworks */ = {
			isa = PBXFrameworksBuildPhase;
			buildActionMask = 2147483647;
			files = (
			);
			runOnlyForDeploymentPostprocessing = 0;
		};
		290DBEB92E9F31CF00EDEACE /* Frameworks */ = {
			isa = PBXFrameworksBuildPhase;
			buildActionMask = 2147483647;
			files = (
			);
			runOnlyForDeploymentPostprocessing = 0;
		};
		290DBEC32E9F31CF00EDEACE /* Frameworks */ = {
			isa = PBXFrameworksBuildPhase;
			buildActionMask = 2147483647;
			files = (
			);
			runOnlyForDeploymentPostprocessing = 0;
		};
		AAFE0007 /* Frameworks */ = {
			isa = PBXFrameworksBuildPhase;
			buildActionMask = 2147483647;
			files = (
			);
			runOnlyForDeploymentPostprocessing = 0;
		};
/* End PBXFrameworksBuildPhase section */

/* Begin PBXGroup section */
		290DBEA52E9F31CE00EDEACE = {
			isa = PBXGroup;
			children = (
				290DBEB02E9F31CE00EDEACE /* fPortal */,
				290DBEBF2E9F31CF00EDEACE /* fPortalTests */,
				290DBEC92E9F31CF00EDEACE /* fPortalUITests */,
				AAFE0004 /* fPortalFinderExtension */,
				290DBEAF2E9F31CE00EDEACE /* Products */,
			);
			sourceTree = "<group>";
		};
		290DBEAF2E9F31CE00EDEACE /* Products */ = {
			isa = PBXGroup;
			children = (
				290DBEAE2E9F31CE00EDEACE /* fPortal.app */,
				290DBEBC2E9F31CF00EDEACE /* fPortalTests.xctest */,
				290DBEC62E9F31CF00EDEACE /* fPortalUITests.xctest */,
				AAFE0003 /* fPortalFinderExtension.appex */,
			);
			name = Products;
			sourceTree = "<group>";
		};
/* End PBXGroup section */

/* Begin PBXNativeTarget section */
		290DBEAD2E9F31CE00EDEACE /* fPortal */ = {
			isa = PBXNativeTarget;
			buildConfigurationList = 290DBED02E9F31CF00EDEACE /* Build configuration list for PBXNativeTarget "fPortal" */;
			buildPhases = (
				290DBEAA2E9F31CE00EDEACE /* Sources */,
				290DBEAB2E9F31CE00EDEACE /* Frameworks */,
				290DBEAC2E9F31CE00EDEACE /* Resources */,
				AAFE0002 /* Embed App Extensions */,
			);
			buildRules = (
			);
			dependencies = (
			);
			fileSystemSynchronizedGroups = (
				290DBEB02E9F31CE00EDEACE /* fPortal */,
			);
			name = fPortal;
			packageProductDependencies = (
			);
			productName = fPortal;
			productReference = 290DBEAE2E9F31CE00EDEACE /* fPortal.app */;
			productType = "com.apple.product-type.application";
		};
		290DBEBB2E9F31CF00EDEACE /* fPortalTests */ = {
			isa = PBXNativeTarget;
			buildConfigurationList = 290DBED32E9F31CF00EDEACE /* Build configuration list for PBXNativeTarget "fPortalTests" */;
			buildPhases = (
				290DBEB82E9F31CF00EDEACE /* Sources */,
				290DBEB92E9F31CF00EDEACE /* Frameworks */,
				290DBEBA2E9F31CF00EDEACE /* Resources */,
			);
			buildRules = (
			);
			dependencies = (
				290DBEBE2E9F31CF00EDEACE /* PBXTargetDependency */,
			);
			fileSystemSynchronizedGroups = (
				290DBEBF2E9F31CF00EDEACE /* fPortalTests */,
			);
			name = fPortalTests;
			packageProductDependencies = (
			);
			productName = fPortalTests;
			productReference = 290DBEBC2E9F31CF00EDEACE /* fPortalTests.xctest */;
			productType = "com.apple.product-type.bundle.unit-test";
		};
		290DBEC52E9F31CF00EDEACE /* fPortalUITests */ = {
			isa = PBXNativeTarget;
			buildConfigurationList = 290DBED62E9F31CF00EDEACE /* Build configuration list for PBXNativeTarget "fPortalUITests" */;
			buildPhases = (
				290DBEC22E9F31CF00EDEACE /* Sources */,
				290DBEC32E9F31CF00EDEACE /* Frameworks */,
				290DBEC42E9F31CF00EDEACE /* Resources */,
			);
			buildRules = (
			);
			dependencies = (
				290DBEC82E9F31CF00EDEACE /* PBXTargetDependency */,
			);
			fileSystemSynchronizedGroups = (
				290DBEC92E9F31CF00EDEACE /* fPortalUITests */,
			);
			name = fPortalUITests;
			packageProductDependencies = (
			);
			productName = fPortalUITests;
			productReference = 290DBEC62E9F31CF00EDEACE /* fPortalUITests.xctest */;
			productType = "com.apple.product-type.bundle.ui-testing";
		};
		AAFE0005 /* fPortalFinderExtension */ = {
			isa = PBXNativeTarget;
			buildConfigurationList = AAFE0009 /* Build configuration list for PBXNativeTarget "fPortalFinderExtension" */;
			buildPhases = (
				AAFE0006 /* Sources */,
				AAFE0007 /* Frameworks */,
				AAFE0008 /* Resources */,
			);
			buildRules = (
			);
			dependencies = (
			);
			fileSystemSynchronizedGroups = (
				AAFE0004 /* fPortalFinderExtension */,
			);
			name = fPortalFinderExtension;
			packageProductDependencies = (
			);
			productName = fPortalFinderExtension;
			productReference = AAFE0003 /* fPortalFinderExtension.appex */;
			productType = "com.apple.product-type.app-extension";
		};
/* End PBXNativeTarget section */

/* Begin PBXProject section */
		290DBEA62E9F31CE00EDEACE /* Project object */ = {
			isa = PBXProject;
			attributes = {
				BuildIndependentTargetsInParallel = 1;
				LastSwiftUpdateCheck = 1640;
				LastUpgradeCheck = 1640;
				TargetAttributes = {
					290DBEAD2E9F31CE00EDEACE = {
						CreatedOnToolsVersion = 16.4;
					};
					290DBEBB2E9F31CF00EDEACE = {
						CreatedOnToolsVersion = 16.4;
						TestTargetID = 290DBEAD2E9F31CE00EDEACE;
					};
					290DBEC52E9F31CF00EDEACE = {
						CreatedOnToolsVersion = 16.4;
						TestTargetID = 290DBEAD2E9F31CE00EDEACE;
					};
					AAFE0005 = {
						CreatedOnToolsVersion = 16.4;
					};
				};
			};
			buildConfigurationList = 290DBEA92E9F31CE00EDEACE /* Build configuration list for PBXProject "fPortal" */;
			developmentRegion = en;
			hasScannedForEncodings = 0;
			knownRegions = (
				en,
				Base,
			);
			mainGroup = 290DBEA52E9F31CE00EDEACE;
			minimizedProjectReferenceProxies = 1;
			preferredProjectObjectVersion = 77;
			productRefGroup = 290DBEAF2E9F31CE00EDEACE /* Products */;
			projectDirPath = "";
			projectRoot = "";
			targets = (
				290DBEAD2E9F31CE00EDEACE /* fPortal */,
				290DBEBB2E9F31CF00EDEACE /* fPortalTests */,
				290DBEC52E9F31CF00EDEACE /* fPortalUITests */,
				AAFE0005 /* fPortalFinderExtension */,
			);
		};
/* End PBXProject section */

/* Begin PBXResourcesBuildPhase section */
		290DBEAC2E9F31CE00EDEACE /* Resources */ = {
			isa = PBXResourcesBuildPhase;
			buildActionMask = 2147483647;
			files = (
			);
			runOnlyForDeploymentPostprocessing = 0;
		};
		290DBEBA2E9F31CF00EDEACE /* Resources */ = {
			isa = PBXResourcesBuildPhase;
			buildActionMask = 2147483647;
			files = (
			);
			runOnlyForDeploymentPostprocessing = 0;
		};
		290DBEC42E9F31CF00EDEACE /* Resources */ = {
			isa = PBXResourcesBuildPhase;
			buildActionMask = 2147483647;
			files = (
			);
			runOnlyForDeploymentPostprocessing = 0;
		};
		AAFE0008 /* Resources */ = {
			isa = PBXResourcesBuildPhase;
			buildActionMask = 2147483647;
			files = (
			);
			runOnlyForDeploymentPostprocessing = 0;
		};
/* End PBXResourcesBuildPhase section */

/* Begin PBXSourcesBuildPhase section */
		290DBEAA2E9F31CE00EDEACE /* Sources */ = {
			isa = PBXSourcesBuildPhase;
			buildActionMask = 2147483647;
			files = (
			);
			runOnlyForDeploymentPostprocessing = 0;
		};
		290DBEB82E9F31CF00EDEACE /* Sources */ = {
			isa = PBXSourcesBuildPhase;
			buildActionMask = 2147483647;
			files = (
			);
			runOnlyForDeploymentPostprocessing = 0;
		};
		290DBEC22E9F31CF00EDEACE /* Sources */ = {
			isa = PBXSourcesBuildPhase;
			buildActionMask = 2147483647;
			files = (
			);
			runOnlyForDeploymentPostprocessing = 0;
		};
		AAFE0006 /* Sources */ = {
			isa = PBXSourcesBuildPhase;
			buildActionMask = 2147483647;
			files = (
			);
			runOnlyForDeploymentPostprocessing = 0;
		};
/* End PBXSourcesBuildPhase section */

/* Begin PBXTargetDependency section */
		290DBEBE2E9F31CF00EDEACE /* PBXTargetDependency */ = {
			isa = PBXTargetDependency;
			target = 290DBEAD2E9F31CE00EDEACE /* fPortal */;
			targetProxy = 290DBEBD2E9F31CF00EDEACE /* PBXContainerItemProxy */;
		};
		290DBEC82E9F31CF00EDEACE /* PBXTargetDependency */ = {
			isa = PBXTargetDependency;
			target = 290DBEAD2E9F31CE00EDEACE /* fPortal */;
			targetProxy = 290DBEC72E9F31CF00EDEACE /* PBXContainerItemProxy */;
		};
/* End PBXTargetDependency section */

/* Begin XCBuildConfiguration section */
		290DBECE2E9F31CF00EDEACE /* Debug */ = {
			isa = XCBuildConfiguration;
			buildSettings = {
				ALWAYS_SEARCH_USER_PATHS = NO;
				ASSETCATALOG_COMPILER_GENERATE_SWIFT_ASSET_SYMBOL_EXTENSIONS = YES;
				CLANG_ANALYZER_NONNULL = YES;
				CLANG_ANALYZER_NUMBER_OBJECT_CONVERSION = YES_AGGRESSIVE;
				CLANG_CXX_LANGUAGE_STANDARD = "gnu++20";
				CLANG_ENABLE_MODULES = YES;
				CLANG_ENABLE_OBJC_ARC = YES;
				CLANG_ENABLE_OBJC_WEAK = YES;
				CLANG_WARN_BLOCK_CAPTURE_AUTORELEASING = YES;
				CLANG_WARN_BOOL_CONVERSION = YES;
				CLANG_WARN_COMMA = YES;
				CLANG_WARN_CONSTANT_CONVERSION = YES;
				CLANG_WARN_DEPRECATED_OBJC_IMPLEMENTATIONS = YES;
				CLANG_WARN_DIRECT_OBJC_ISA_USAGE = YES_ERROR;
				CLANG_WARN_DOCUMENTATION_COMMENTS = YES;
				CLANG_WARN_EMPTY_BODY = YES;
				CLANG_WARN_ENUM_CONVERSION = YES;
				CLANG_WARN_INFINITE_RECURSION = YES;
				CLANG_WARN_INT_CONVERSION = YES;
				CLANG_WARN_NON_LITERAL_NULL_CONVERSION = YES;
				CLANG_WARN_OBJC_IMPLICIT_RETAIN_SELF = YES;
				CLANG_WARN_OBJC_LITERAL_CONVERSION = YES;
				CLANG_WARN_OBJC_ROOT_CLASS = YES_ERROR;
				CLANG_WARN_QUOTED_INCLUDE_IN_FRAMEWORK_HEADER = YES;
				CLANG_WARN_RANGE_LOOP_ANALYSIS = YES;
				CLANG_WARN_STRICT_PROTOTYPES = YES;
				CLANG_WARN_SUSPICIOUS_MOVE = YES;
				CLANG_WARN_UNGUARDED_AVAILABILITY = YES_AGGRESSIVE;
				CLANG_WARN_UNREACHABLE_CODE = YES;
				CLANG_WARN__DUPLICATE_METHOD_MATCH = YES;
				COPY_PHASE_STRIP = NO;
				DEBUG_INFORMATION_FORMAT = dwarf;
				ENABLE_STRICT_OBJC_MSGSEND = YES;
				ENABLE_TESTABILITY = YES;
				ENABLE_USER_SCRIPT_SANDBOXING = YES;
				GCC_C_LANGUAGE_STANDARD = gnu17;
				GCC_DYNAMIC_NO_PIC = NO;
				GCC_NO_COMMON_BLOCKS = YES;
				GCC_OPTIMIZATION_LEVEL = 0;
				GCC_PREPROCESSOR_DEFINITIONS = (
					"DEBUG=1",
					"$(inherited)",
				);
				GCC_WARN_64_TO_32_BIT_CONVERSION = YES;
				GCC_WARN_ABOUT_RETURN_TYPE = YES_ERROR;
				GCC_WARN_UNDECLARED_SELECTOR = YES;
				GCC_WARN_UNINITIALIZED_AUTOS = YES_AGGRESSIVE;
				GCC_WARN_UNUSED_FUNCTION = YES;
				GCC_WARN_UNUSED_VARIABLE = YES;
				LOCALIZATION_PREFERS_STRING_CATALOGS = YES;
				MACOSX_DEPLOYMENT_TARGET = 15.3;
				MTL_ENABLE_DEBUG_INFO = INCLUDE_SOURCE;
				MTL_FAST_MATH = YES;
				ONLY_ACTIVE_ARCH = YES;
				SDKROOT = macosx;
				SWIFT_ACTIVE_COMPILATION_CONDITIONS = "DEBUG $(inherited)";
				SWIFT_OPTIMIZATION_LEVEL = "-Onone";
			};
			name = Debug;
		};
		290DBECF2E9F31CF00EDEACE /* Release */ = {
			isa = XCBuildConfiguration;
			buildSettings = {
				ALWAYS_SEARCH_USER_PATHS = NO;
				ASSETCATALOG_COMPILER_GENERATE_SWIFT_ASSET_SYMBOL_EXTENSIONS = YES;
				CLANG_ANALYZER_NONNULL = YES;
				CLANG_ANALYZER_NUMBER_OBJECT_CONVERSION = YES_AGGRESSIVE;
				CLANG_CXX_LANGUAGE_STANDARD = "gnu++20";
				CLANG_ENABLE_MODULES = YES;
				CLANG_ENABLE_OBJC_ARC = YES;
				CLANG_ENABLE_OBJC_WEAK = YES;
				CLANG_WARN_BLOCK_CAPTURE_AUTORELEASING = YES;
				CLANG_WARN_BOOL_CONVERSION = YES;
				CLANG_WARN_COMMA = YES;
				CLANG_WARN_CONSTANT_CONVERSION = YES;
				CLANG_WARN_DEPRECATED_OBJC_IMPLEMENTATIONS = YES;
				CLANG_WARN_DIRECT_OBJC_ISA_USAGE = YES_ERROR;
				CLANG_WARN_DOCUMENTATION_COMMENTS = YES;
				CLANG_WARN_EMPTY_BODY = YES;
				CLANG_WARN_ENUM_CONVERSION = YES;
				CLANG_WARN_INFINITE_RECURSION = YES;
				CLANG_WARN_INT_CONVERSION = YES;
				CLANG_WARN_NON_LITERAL_NULL_CONVERSION = YES;
				CLANG_WARN_OBJC_IMPLICIT_RETAIN_SELF = YES;
				CLANG_WARN_OBJC_LITERAL_CONVERSION = YES;
				CLANG_WARN_OBJC_ROOT_CLASS = YES_ERROR;
				CLANG_WARN_QUOTED_INCLUDE_IN_FRAMEWORK_HEADER = YES;
				CLANG_WARN_RANGE_LOOP_ANALYSIS = YES;
				CLANG_WARN_STRICT_PROTOTYPES = YES;
				CLANG_WARN_SUSPICIOUS_MOVE = YES;
				CLANG_WARN_UNGUARDED_AVAILABILITY = YES_AGGRESSIVE;
				CLANG_WARN_UNREACHABLE_CODE = YES;
				CLANG_WARN__DUPLICATE_METHOD_MATCH = YES;
				COPY_PHASE_STRIP = NO;
				DEBUG_INFORMATION_FORMAT = "dwarf-with-dsym";
				ENABLE_NS_ASSERTIONS = NO;
				ENABLE_STRICT_OBJC_MSGSEND = YES;
				ENABLE_USER_SCRIPT_SANDBOXING = YES;
				GCC_C_LANGUAGE_STANDARD = gnu17;
				GCC_NO_COMMON_BLOCKS = YES;
				GCC_WARN_64_TO_32_BIT_CONVERSION = YES;
				GCC_WARN_ABOUT_RETURN_TYPE = YES_ERROR;
				GCC_WARN_UNDECLARED_SELECTOR = YES;
				GCC_WARN_UNINITIALIZED_AUTOS = YES_AGGRESSIVE;
				GCC_WARN_UNUSED_FUNCTION = YES;
				GCC_WARN_UNUSED_VARIABLE = YES;
				LOCALIZATION_PREFERS_STRING_CATALOGS = YES;
				MACOSX_DEPLOYMENT_TARGET = 15.3;
				MTL_ENABLE_DEBUG_INFO = NO;
				MTL_FAST_MATH = YES;
				SDKROOT = macosx;
				SWIFT_COMPILATION_MODE = wholemodule;
			};
			name = Release;
		};
		290DBED12E9F31CF00EDEACE /* Debug */ = {
			isa = XCBuildConfiguration;
			buildSettings = {
				ASSETCATALOG_COMPILER_APPICON_NAME = AppIcon;
				ASSETCATALOG_COMPILER_GLOBAL_ACCENT_COLOR_NAME = AccentColor;
				CODE_SIGN_ENTITLEMENTS = fPortal/fPortal.entitlements;
				CODE_SIGN_STYLE = Automatic;
				COMBINE_HIDPI_IMAGES = YES;
				CURRENT_PROJECT_VERSION = 1;
				ENABLE_PREVIEWS = YES;
				GENERATE_INFOPLIST_FILE = YES;
				INFOPLIST_KEY_NSHumanReadableCopyright = "";
				LD_RUNPATH_SEARCH_PATHS = (
					"$(inherited)",
					"@executable_path/../Frameworks",
				);
				MARKETING_VERSION = 1.0;
				PRODUCT_BUNDLE_IDENTIFIER = com.example.fPortal;
				PRODUCT_NAME = "$(TARGET_NAME)";
				REGISTER_APP_GROUPS = YES;
				SWIFT_EMIT_LOC_STRINGS = YES;
				SWIFT_VERSION = 5.0;
			};
			name = Debug;
		};
		290DBED22E9F31CF00EDEACE /* Release */ = {
			isa = XCBuildConfiguration;
			buildSettings = {
				ASSETCATALOG_COMPILER_APPICON_NAME = AppIcon;
				ASSETCATALOG_COMPILER_GLOBAL_ACCENT_COLOR_NAME = AccentColor;
				CODE_SIGN_ENTITLEMENTS = fPortal/fPortal.entitlements;
				CODE_SIGN_STYLE = Automatic;
				COMBINE_HIDPI_IMAGES = YES;
				CURRENT_PROJECT_VERSION = 1;
				ENABLE_PREVIEWS = YES;
				GENERATE_INFOPLIST_FILE = YES;
				INFOPLIST_KEY_NSHumanReadableCopyright = "";
				LD_RUNPATH_SEARCH_PATHS = (
					"$(inherited)",
					"@executable_path/../Frameworks",
				);
				MARKETING_VERSION = 1.0;
				PRODUCT_BUNDLE_IDENTIFIER = com.example.fPortal;
				PRODUCT_NAME = "$(TARGET_NAME)";
				REGISTER_APP_GROUPS = YES;
				SWIFT_EMIT_LOC_STRINGS = YES;
				SWIFT_VERSION = 5.0;
			};
			name = Release;
		};
		290DBED42E9F31CF00EDEACE /* Debug */ = {
			isa = XCBuildConfiguration;
			buildSettings = {
				BUNDLE_LOADER = "$(TEST_HOST)";
				CODE_SIGN_STYLE = Automatic;
				CURRENT_PROJECT_VERSION = 1;
				GENERATE_INFOPLIST_FILE = YES;
				MACOSX_DEPLOYMENT_TARGET = 15.3;
				MARKETING_VERSION = 1.0;
				PRODUCT_BUNDLE_IDENTIFIER = hjoncour.fPortalTests;
				PRODUCT_NAME = "$(TARGET_NAME)";
				SWIFT_EMIT_LOC_STRINGS = NO;
				SWIFT_VERSION = 5.0;
				TEST_HOST = "$(BUILT_PRODUCTS_DIR)/fPortal.app/$(BUNDLE_EXECUTABLE_FOLDER_PATH)/fPortal";
			};
			name = Debug;
		};
		290DBED52E9F31CF00EDEACE /* Release */ = {
			isa = XCBuildConfiguration;
			buildSettings = {
				BUNDLE_LOADER = "$(TEST_HOST)";
				CODE_SIGN_STYLE = Automatic;
				CURRENT_PROJECT_VERSION = 1;
				GENERATE_INFOPLIST_FILE = YES;
				MACOSX_DEPLOYMENT_TARGET = 15.3;
				MARKETING_VERSION = 1.0;
				PRODUCT_BUNDLE_IDENTIFIER = hjoncour.fPortalTests;
				PRODUCT_NAME = "$(TARGET_NAME)";
				SWIFT_EMIT_LOC_STRINGS = NO;
				SWIFT_VERSION = 5.0;
				TEST_HOST = "$(BUILT_PRODUCTS_DIR)/fPortal.app/$(BUNDLE_EXECUTABLE_FOLDER_PATH)/fPortal";
			};
			name = Release;
		};
		290DBED72E9F31CF00EDEACE /* Debug */ = {
			isa = XCBuildConfiguration;
			buildSettings = {
				CODE_SIGN_STYLE = Automatic;
				CURRENT_PROJECT_VERSION = 1;
				GENERATE_INFOPLIST_FILE = YES;
				MARKETING_VERSION = 1.0;
				PRODUCT_BUNDLE_IDENTIFIER = hjoncour.fPortalUITests;
				PRODUCT_NAME = "$(TARGET_NAME)";
				SWIFT_EMIT_LOC_STRINGS = NO;
				SWIFT_VERSION = 5.0;
				TEST_TARGET_NAME = fPortal;
			};
			name = Debug;
		};
		290DBED82E9F31CF00EDEACE /* Release */ = {
			isa = XCBuildConfiguration;
			buildSettings = {
				CODE_SIGN_STYLE = Automatic;
				CURRENT_PROJECT_VERSION = 1;
				GENERATE_INFOPLIST_FILE = YES;
				MARKETING_VERSION = 1.0;
				PRODUCT_BUNDLE_IDENTIFIER = hjoncour.fPortalUITests;
				PRODUCT_NAME = "$(TARGET_NAME)";
				SWIFT_EMIT_LOC_STRINGS = NO;
				SWIFT_VERSION = 5.0;
				TEST_TARGET_NAME = fPortal;
			};
			name = Release;
		};
		AAFE000A /* Debug */ = {
			isa = XCBuildConfiguration;
			buildSettings = {
				CODE_SIGN_ENTITLEMENTS = fPortalFinderExtension/fPortalFinderExtension.entitlements;
				CODE_SIGN_STYLE = Automatic;
				CURRENT_PROJECT_VERSION = 1;
				GENERATE_INFOPLIST_FILE = NO;
				INFOPLIST_FILE = fPortalFinderExtension/Info.plist;
				LD_RUNPATH_SEARCH_PATHS = (
					"$(inherited)",
					"@executable_path/Frameworks",
				);
				MARKETING_VERSION = 1.0;
				PRODUCT_BUNDLE_IDENTIFIER = com.example.fPortal.FinderExtension;
				PRODUCT_NAME = "$(TARGET_NAME)";
				SKIP_INSTALL = YES;
				SWIFT_EMIT_LOC_STRINGS = YES;
				SWIFT_VERSION = 5.0;
			};
			name = Debug;
		};
		AAFE000B /* Release */ = {
			isa = XCBuildConfiguration;
			buildSettings = {
				CODE_SIGN_ENTITLEMENTS = fPortalFinderExtension/fPortalFinderExtension.entitlements;
				CODE_SIGN_STYLE = Automatic;
				CURRENT_PROJECT_VERSION = 1;
				GENERATE_INFOPLIST_FILE = NO;
				INFOPLIST_FILE = fPortalFinderExtension/Info.plist;
				LD_RUNPATH_SEARCH_PATHS = (
					"$(inherited)",
					"@executable_path/Frameworks",
				);
				MARKETING_VERSION = 1.0;
				PRODUCT_BUNDLE_IDENTIFIER = com.example.fPortal.FinderExtension;
				PRODUCT_NAME = "$(TARGET_NAME)";
				SKIP_INSTALL = YES;
				SWIFT_EMIT_LOC_STRINGS = YES;
				SWIFT_VERSION = 5.0;
			};
			name = Release;
		};
/* End XCBuildConfiguration section */

/* Begin XCConfigurationList section */
		290DBEA92E9F31CE00EDEACE /* Build configuration list for PBXProject "fPortal" */ = {
			isa = XCConfigurationList;
			buildConfigurations = (
				290DBECE2E9F31CF00EDEACE /* Debug */,
				290DBECF2E9F31CF00EDEACE /* Release */,
			);
			defaultConfigurationIsVisible = 0;
			defaultConfigurationName = Release;
		};
		290DBED02E9F31CF00EDEACE /* Build configuration list for PBXNativeTarget "fPortal" */ = {
			isa = XCConfigurationList;
			buildConfigurations = (
				290DBED12E9F31CF00EDEACE /* Debug */,
				290DBED22E9F31CF00EDEACE /* Release */,
			);
			defaultConfigurationIsVisible = 0;
			defaultConfigurationName = Release;
		};
		290DBED32E9F31CF00EDEACE /* Build configuration list for PBXNativeTarget "fPortalTests" */ = {
			isa = XCConfigurationList;
			buildConfigurations = (
				290DBED42E9F31CF00EDEACE /* Debug */,
				290DBED52E9F31CF00EDEACE /* Release */,
			);
			defaultConfigurationIsVisible = 0;
			defaultConfigurationName = Release;
		};
		290DBED62E9F31CF00EDEACE /* Build configuration list for PBXNativeTarget "fPortalUITests" */ = {
			isa = XCConfigurationList;
			buildConfigurations = (
				290DBED72E9F31CF00EDEACE /* Debug */,
				290DBED82E9F31CF00EDEACE /* Release */,
			);
			defaultConfigurationIsVisible = 0;
			defaultConfigurationName = Release;
		};
		AAFE0009 /* Build configuration list for PBXNativeTarget "fPortalFinderExtension" */ = {
			isa = XCConfigurationList;
			buildConfigurations = (
				AAFE000A /* Debug */,
				AAFE000B /* Release */,
			);
			defaultConfigurationIsVisible = 0;
			defaultConfigurationName = Release;
		};
/* End XCConfigurationList section */
	};
	rootObject = 290DBEA62E9F31CE00EDEACE /* Project object */;
}
